
Microsoft Visual Studio Solution File, Format Version 12.00
# Visual Studio Version 17
VisualStudioVersion = 17.14.36301.6 d17.14
MinimumVisualStudioVersion = 10.0.40219.1
Project("{FAE04EC0-301F-11D3-BF4B-00C04F79EFBC}") = "FileEncryptor", "FileEncryptor.csproj", "{54FD55FB-4D9D-4A30-9F4D-F780FCB110F3}"
EndProject
Global
	GlobalSection(SolutionConfigurationPlatforms) = preSolution
		Debug|Any CPU = Debug|Any CPU
		Release|Any CPU = Release|Any CPU
	EndGlobalSection
	GlobalSection(ProjectConfigurationPlatforms) = postSolution
		{54FD55FB-4D9D-4A30-9F4D-F780FCB110F3}.Debug|Any CPU.ActiveCfg = Debug|Any CPU
		{54FD55FB-4D9D-4A30-9F4D-F780FCB110F3}.Debug|Any CPU.Build.0 = Debug|Any CPU
		{54FD55FB-4D9D-4A30-9F4D-F780FCB110F3}.Release|Any CPU.ActiveCfg = Release|Any CPU
		{54FD55FB-4D9D-4A30-9F4D-F780FCB110F3}.Release|Any CPU.Build.0 = Release|Any CPU
	EndGlobalSection
	GlobalSection(SolutionProperties) = preSolution
		HideSolutionNode = FALSE
	EndGlobalSection
	GlobalSection(ExtensibilityGlobals) = postSolution
		SolutionGuid = {12F3412E-0D32-4267-8B10-E4C0C4AACF13}
	EndGlobalSection
EndGlobal
